{
  "name": "twitchcustomrewardid",
  "version": "1.0.0",
  "lockfileVersion": 1,
  "requires": true,
  "dependencies": {
    "webwebweb": {
      "version": "1.1.8",
      "resolved": "https://registry.npmjs.org/webwebweb/-/webwebweb-1.1.8.tgz",
      "integrity": "sha512-byCw5062+XZDTgi/pvE+UQrA1b+oF034Jf6909jdWo0fsnqmPBbsSbpmWFqKne5lAws71QtZuBMWKCljhVCKNA=="
    }
  }
}
